
Microsoft Visual Studio Solution File, Format Version 12.00
# Visual Studio 15
VisualStudioVersion = 15.0.27703.2042
MinimumVisualStudioVersion = 10.0.40219.1
Project("{9A19103F-16F7-4668-BE54-9A1E7A4F7556}") = "StartupPro", "StartupPro\StartupPro.csproj", "{B2E6C4E1-67B7-45C0-A171-76EF14CA8FE8}"
EndProject
Project("{9A19103F-16F7-4668-BE54-9A1E7A4F7556}") = "MiddlewarePro", "MiddlewarePro\MiddlewarePro.csproj", "{F55C18B6-9663-4E4B-9B58-36472401569F}"
EndProject
Project("{9A19103F-16F7-4668-BE54-9A1E7A4F7556}") = "StaticFilePro", "StaticFilePro\StaticFilePro.csproj", "{19797936-8A8D-48D9-82F6-9E896244B409}"
EndProject
Project("{9A19103F-16F7-4668-BE54-9A1E7A4F7556}") = "DapperPro", "DapperPro\DapperPro.csproj", "{AD24C723-1188-49BB-9771-B15CEC93F602}"
EndProject
Project("{9A19103F-16F7-4668-BE54-9A1E7A4F7556}") = "ModelBindingPro", "ModelBindingPro\ModelBindingPro.csproj", "{A2BE86A0-512F-4446-9826-9FAEEBB243A1}"
EndProject
Project("{9A19103F-16F7-4668-BE54-9A1E7A4F7556}") = "AutoMapperPro", "AutoMapperPro\AutoMapperPro.csproj", "{82678C7D-E8BF-4E3F-8C99-9D5578A789AD}"
EndProject
Project("{2150E333-8FDC-42A3-9474-1A3956D46DE8}") = "SignalRPro", "SignalRPro", "{5DD68112-696E-4FCB-8290-590E71A175B2}"
EndProject
Project("{9A19103F-16F7-4668-BE54-9A1E7A4F7556}") = "SignalRServer", "SignalRPro\SignalRServer\SignalRServer.csproj", "{EFC8001A-D8C3-4B67-BA18-2DB05840CC40}"
EndProject
Project("{9A19103F-16F7-4668-BE54-9A1E7A4F7556}") = "SignalRConsoleClient", "SignalRPro\SignalRConsoleClient\SignalRConsoleClient.csproj", "{3D482E02-B5E6-4219-8EAF-4B093350B366}"
EndProject
Project("{2150E333-8FDC-42A3-9474-1A3956D46DE8}") = "FluentValidation", "FluentValidation", "{3EE9974C-1E01-4452-AA15-E5DA01299BCF}"
EndProject
Project("{9A19103F-16F7-4668-BE54-9A1E7A4F7556}") = "FluentValidationPro", "FluentValidationPro\FluentValidationPro.csproj", "{939D8142-2C4A-4D8A-8842-4D8FE3604436}"
EndProject
Project("{9A19103F-16F7-4668-BE54-9A1E7A4F7556}") = "OptionsPro", "OptionsPro\OptionsPro.csproj", "{287903DA-F32F-4FC9-9A4E-FDDD44177B3E}"
EndProject
Project("{2150E333-8FDC-42A3-9474-1A3956D46DE8}") = "EFCore", "EFCore", "{75B26F84-8543-4F62-BE9D-51F0BBF09A07}"
EndProject
Project("{9A19103F-16F7-4668-BE54-9A1E7A4F7556}") = "EFCorePro", "EFCorePro\EFCorePro.csproj", "{7044FE36-8F1E-472F-BBF0-BED449488362}"
EndProject
Project("{2150E333-8FDC-42A3-9474-1A3956D46DE8}") = "Logging", "Logging", "{05DC5DB2-6907-44C4-804D-29FF16770D7B}"
EndProject
Project("{9A19103F-16F7-4668-BE54-9A1E7A4F7556}") = "SerilogPro", "SerilogPro\SerilogPro.csproj", "{FBC960E5-F739-4114-BEB1-48F007FA8462}"
EndProject
Project("{2150E333-8FDC-42A3-9474-1A3956D46DE8}") = "Security", "Security", "{08EDF4E6-8280-4BF8-AC88-83F007D8B407}"
EndProject
Project("{9A19103F-16F7-4668-BE54-9A1E7A4F7556}") = "HstsPro", "HstsPro\HstsPro.csproj", "{1F327052-E76C-4E5E-87C4-6977866108D3}"
EndProject
Project("{2150E333-8FDC-42A3-9474-1A3956D46DE8}") = "Localization", "Localization", "{AF68B209-CADC-470F-9F0F-2CE1931A1C8A}"
EndProject
Project("{9A19103F-16F7-4668-BE54-9A1E7A4F7556}") = "LocalizationPro", "LocalizationPro\LocalizationPro.csproj", "{27010DDF-A5CC-4E8B-BE8C-9F3CC094FEE0}"
EndProject
Project("{2150E333-8FDC-42A3-9474-1A3956D46DE8}") = "ModelBinding", "ModelBinding", "{331AAAF0-B42D-4D5D-8FC3-1112586957A5}"
EndProject
Project("{2150E333-8FDC-42A3-9474-1A3956D46DE8}") = "HostedService", "HostedService", "{7C95ABC4-715D-428C-9CDE-AE4532301AFE}"
EndProject
Project("{FAE04EC0-301F-11D3-BF4B-00C04F79EFBC}") = "HostedServicePro", "HostedServicePro\HostedServicePro.csproj", "{D23F77C8-C594-41FF-949C-630D0E782349}"
EndProject
Project("{2150E333-8FDC-42A3-9474-1A3956D46DE8}") = "Router", "Router", "{44D1E2E3-8EBB-4A86-8BE3-E47037BBC726}"
EndProject
Project("{FAE04EC0-301F-11D3-BF4B-00C04F79EFBC}") = "RouterPro", "RouterPro\RouterPro.csproj", "{2B09E056-22FB-418A-9BDE-1415AE763F70}"
EndProject
Project("{2150E333-8FDC-42A3-9474-1A3956D46DE8}") = "DbProvider", "DbProvider", "{7D6332C9-CE5B-443D-8A37-153307A91964}"
EndProject
Project("{FAE04EC0-301F-11D3-BF4B-00C04F79EFBC}") = "DbInMemoryPro", "DbInMemoryPro\DbInMemoryPro.csproj", "{10FFE501-C654-4C19-AFA7-12EFFB67FE2D}"
EndProject
Project("{2150E333-8FDC-42A3-9474-1A3956D46DE8}") = "MVC", "MVC", "{E2C0455D-B8C1-4AC1-B47F-CB83128B3DC8}"
EndProject
Project("{FAE04EC0-301F-11D3-BF4B-00C04F79EFBC}") = "MVCPro", "MVCPro\MVCPro.csproj", "{EF6263DD-3387-4C42-A68F-9FA138E88ADB}"
EndProject
Global
	GlobalSection(SolutionConfigurationPlatforms) = preSolution
		Debug|Any CPU = Debug|Any CPU
		Release|Any CPU = Release|Any CPU
	EndGlobalSection
	GlobalSection(ProjectConfigurationPlatforms) = postSolution
		{B2E6C4E1-67B7-45C0-A171-76EF14CA8FE8}.Debug|Any CPU.ActiveCfg = Debug|Any CPU
		{B2E6C4E1-67B7-45C0-A171-76EF14CA8FE8}.Debug|Any CPU.Build.0 = Debug|Any CPU
		{B2E6C4E1-67B7-45C0-A171-76EF14CA8FE8}.Release|Any CPU.ActiveCfg = Release|Any CPU
		{B2E6C4E1-67B7-45C0-A171-76EF14CA8FE8}.Release|Any CPU.Build.0 = Release|Any CPU
		{F55C18B6-9663-4E4B-9B58-36472401569F}.Debug|Any CPU.ActiveCfg = Debug|Any CPU
		{F55C18B6-9663-4E4B-9B58-36472401569F}.Debug|Any CPU.Build.0 = Debug|Any CPU
		{F55C18B6-9663-4E4B-9B58-36472401569F}.Release|Any CPU.ActiveCfg = Release|Any CPU
		{F55C18B6-9663-4E4B-9B58-36472401569F}.Release|Any CPU.Build.0 = Release|Any CPU
		{19797936-8A8D-48D9-82F6-9E896244B409}.Debug|Any CPU.ActiveCfg = Debug|Any CPU
		{19797936-8A8D-48D9-82F6-9E896244B409}.Debug|Any CPU.Build.0 = Debug|Any CPU
		{19797936-8A8D-48D9-82F6-9E896244B409}.Release|Any CPU.ActiveCfg = Release|Any CPU
		{19797936-8A8D-48D9-82F6-9E896244B409}.Release|Any CPU.Build.0 = Release|Any CPU
		{AD24C723-1188-49BB-9771-B15CEC93F602}.Debug|Any CPU.ActiveCfg = Debug|Any CPU
		{AD24C723-1188-49BB-9771-B15CEC93F602}.Debug|Any CPU.Build.0 = Debug|Any CPU
		{AD24C723-1188-49BB-9771-B15CEC93F602}.Release|Any CPU.ActiveCfg = Release|Any CPU
		{AD24C723-1188-49BB-9771-B15CEC93F602}.Release|Any CPU.Build.0 = Release|Any CPU
		{A2BE86A0-512F-4446-9826-9FAEEBB243A1}.Debug|Any CPU.ActiveCfg = Debug|Any CPU
		{A2BE86A0-512F-4446-9826-9FAEEBB243A1}.Debug|Any CPU.Build.0 = Debug|Any CPU
		{A2BE86A0-512F-4446-9826-9FAEEBB243A1}.Release|Any CPU.ActiveCfg = Release|Any CPU
		{A2BE86A0-512F-4446-9826-9FAEEBB243A1}.Release|Any CPU.Build.0 = Release|Any CPU
		{82678C7D-E8BF-4E3F-8C99-9D5578A789AD}.Debug|Any CPU.ActiveCfg = Debug|Any CPU
		{82678C7D-E8BF-4E3F-8C99-9D5578A789AD}.Debug|Any CPU.Build.0 = Debug|Any CPU
		{82678C7D-E8BF-4E3F-8C99-9D5578A789AD}.Release|Any CPU.ActiveCfg = Release|Any CPU
		{82678C7D-E8BF-4E3F-8C99-9D5578A789AD}.Release|Any CPU.Build.0 = Release|Any CPU
		{EFC8001A-D8C3-4B67-BA18-2DB05840CC40}.Debug|Any CPU.ActiveCfg = Debug|Any CPU
		{EFC8001A-D8C3-4B67-BA18-2DB05840CC40}.Debug|Any CPU.Build.0 = Debug|Any CPU
		{EFC8001A-D8C3-4B67-BA18-2DB05840CC40}.Release|Any CPU.ActiveCfg = Release|Any CPU
		{EFC8001A-D8C3-4B67-BA18-2DB05840CC40}.Release|Any CPU.Build.0 = Release|Any CPU
		{3D482E02-B5E6-4219-8EAF-4B093350B366}.Debug|Any CPU.ActiveCfg = Debug|Any CPU
		{3D482E02-B5E6-4219-8EAF-4B093350B366}.Debug|Any CPU.Build.0 = Debug|Any CPU
		{3D482E02-B5E6-4219-8EAF-4B093350B366}.Release|Any CPU.ActiveCfg = Release|Any CPU
		{3D482E02-B5E6-4219-8EAF-4B093350B366}.Release|Any CPU.Build.0 = Release|Any CPU
		{939D8142-2C4A-4D8A-8842-4D8FE3604436}.Debug|Any CPU.ActiveCfg = Debug|Any CPU
		{939D8142-2C4A-4D8A-8842-4D8FE3604436}.Debug|Any CPU.Build.0 = Debug|Any CPU
		{939D8142-2C4A-4D8A-8842-4D8FE3604436}.Release|Any CPU.ActiveCfg = Release|Any CPU
		{939D8142-2C4A-4D8A-8842-4D8FE3604436}.Release|Any CPU.Build.0 = Release|Any CPU
		{287903DA-F32F-4FC9-9A4E-FDDD44177B3E}.Debug|Any CPU.ActiveCfg = Debug|Any CPU
		{287903DA-F32F-4FC9-9A4E-FDDD44177B3E}.Debug|Any CPU.Build.0 = Debug|Any CPU
		{287903DA-F32F-4FC9-9A4E-FDDD44177B3E}.Release|Any CPU.ActiveCfg = Release|Any CPU
		{287903DA-F32F-4FC9-9A4E-FDDD44177B3E}.Release|Any CPU.Build.0 = Release|Any CPU
		{7044FE36-8F1E-472F-BBF0-BED449488362}.Debug|Any CPU.ActiveCfg = Debug|Any CPU
		{7044FE36-8F1E-472F-BBF0-BED449488362}.Debug|Any CPU.Build.0 = Debug|Any CPU
		{7044FE36-8F1E-472F-BBF0-BED449488362}.Release|Any CPU.ActiveCfg = Release|Any CPU
		{7044FE36-8F1E-472F-BBF0-BED449488362}.Release|Any CPU.Build.0 = Release|Any CPU
		{FBC960E5-F739-4114-BEB1-48F007FA8462}.Debug|Any CPU.ActiveCfg = Debug|Any CPU
		{FBC960E5-F739-4114-BEB1-48F007FA8462}.Debug|Any CPU.Build.0 = Debug|Any CPU
		{FBC960E5-F739-4114-BEB1-48F007FA8462}.Release|Any CPU.ActiveCfg = Release|Any CPU
		{FBC960E5-F739-4114-BEB1-48F007FA8462}.Release|Any CPU.Build.0 = Release|Any CPU
		{1F327052-E76C-4E5E-87C4-6977866108D3}.Debug|Any CPU.ActiveCfg = Debug|Any CPU
		{1F327052-E76C-4E5E-87C4-6977866108D3}.Debug|Any CPU.Build.0 = Debug|Any CPU
		{1F327052-E76C-4E5E-87C4-6977866108D3}.Release|Any CPU.ActiveCfg = Release|Any CPU
		{1F327052-E76C-4E5E-87C4-6977866108D3}.Release|Any CPU.Build.0 = Release|Any CPU
		{27010DDF-A5CC-4E8B-BE8C-9F3CC094FEE0}.Debug|Any CPU.ActiveCfg = Debug|Any CPU
		{27010DDF-A5CC-4E8B-BE8C-9F3CC094FEE0}.Debug|Any CPU.Build.0 = Debug|Any CPU
		{27010DDF-A5CC-4E8B-BE8C-9F3CC094FEE0}.Release|Any CPU.ActiveCfg = Release|Any CPU
		{27010DDF-A5CC-4E8B-BE8C-9F3CC094FEE0}.Release|Any CPU.Build.0 = Release|Any CPU
		{D23F77C8-C594-41FF-949C-630D0E782349}.Debug|Any CPU.ActiveCfg = Debug|Any CPU
		{D23F77C8-C594-41FF-949C-630D0E782349}.Debug|Any CPU.Build.0 = Debug|Any CPU
		{D23F77C8-C594-41FF-949C-630D0E782349}.Release|Any CPU.ActiveCfg = Release|Any CPU
		{D23F77C8-C594-41FF-949C-630D0E782349}.Release|Any CPU.Build.0 = Release|Any CPU
		{2B09E056-22FB-418A-9BDE-1415AE763F70}.Debug|Any CPU.ActiveCfg = Debug|Any CPU
		{2B09E056-22FB-418A-9BDE-1415AE763F70}.Debug|Any CPU.Build.0 = Debug|Any CPU
		{2B09E056-22FB-418A-9BDE-1415AE763F70}.Release|Any CPU.ActiveCfg = Release|Any CPU
		{2B09E056-22FB-418A-9BDE-1415AE763F70}.Release|Any CPU.Build.0 = Release|Any CPU
		{10FFE501-C654-4C19-AFA7-12EFFB67FE2D}.Debug|Any CPU.ActiveCfg = Debug|Any CPU
		{10FFE501-C654-4C19-AFA7-12EFFB67FE2D}.Debug|Any CPU.Build.0 = Debug|Any CPU
		{10FFE501-C654-4C19-AFA7-12EFFB67FE2D}.Release|Any CPU.ActiveCfg = Release|Any CPU
		{10FFE501-C654-4C19-AFA7-12EFFB67FE2D}.Release|Any CPU.Build.0 = Release|Any CPU
		{EF6263DD-3387-4C42-A68F-9FA138E88ADB}.Debug|Any CPU.ActiveCfg = Debug|Any CPU
		{EF6263DD-3387-4C42-A68F-9FA138E88ADB}.Debug|Any CPU.Build.0 = Debug|Any CPU
		{EF6263DD-3387-4C42-A68F-9FA138E88ADB}.Release|Any CPU.ActiveCfg = Release|Any CPU
		{EF6263DD-3387-4C42-A68F-9FA138E88ADB}.Release|Any CPU.Build.0 = Release|Any CPU
	EndGlobalSection
	GlobalSection(SolutionProperties) = preSolution
		HideSolutionNode = FALSE
	EndGlobalSection
	GlobalSection(NestedProjects) = preSolution
		{A2BE86A0-512F-4446-9826-9FAEEBB243A1} = {331AAAF0-B42D-4D5D-8FC3-1112586957A5}
		{EFC8001A-D8C3-4B67-BA18-2DB05840CC40} = {5DD68112-696E-4FCB-8290-590E71A175B2}
		{3D482E02-B5E6-4219-8EAF-4B093350B366} = {5DD68112-696E-4FCB-8290-590E71A175B2}
		{939D8142-2C4A-4D8A-8842-4D8FE3604436} = {3EE9974C-1E01-4452-AA15-E5DA01299BCF}
		{7044FE36-8F1E-472F-BBF0-BED449488362} = {75B26F84-8543-4F62-BE9D-51F0BBF09A07}
		{FBC960E5-F739-4114-BEB1-48F007FA8462} = {05DC5DB2-6907-44C4-804D-29FF16770D7B}
		{1F327052-E76C-4E5E-87C4-6977866108D3} = {08EDF4E6-8280-4BF8-AC88-83F007D8B407}
		{27010DDF-A5CC-4E8B-BE8C-9F3CC094FEE0} = {AF68B209-CADC-470F-9F0F-2CE1931A1C8A}
		{D23F77C8-C594-41FF-949C-630D0E782349} = {7C95ABC4-715D-428C-9CDE-AE4532301AFE}
		{2B09E056-22FB-418A-9BDE-1415AE763F70} = {44D1E2E3-8EBB-4A86-8BE3-E47037BBC726}
		{10FFE501-C654-4C19-AFA7-12EFFB67FE2D} = {7D6332C9-CE5B-443D-8A37-153307A91964}
		{EF6263DD-3387-4C42-A68F-9FA138E88ADB} = {E2C0455D-B8C1-4AC1-B47F-CB83128B3DC8}
	EndGlobalSection
	GlobalSection(ExtensibilityGlobals) = postSolution
		SolutionGuid = {8F26B1EC-1437-4A2A-90AB-686E4FF1EEF1}
	EndGlobalSection
EndGlobal
