
Microsoft Visual Studio Solution File, Format Version 12.00
# Visual Studio 15
VisualStudioVersion = 15.0.27703.2042
MinimumVisualStudioVersion = 10.0.40219.1
Project("{9A19103F-16F7-4668-BE54-9A1E7A4F7556}") = "StartupPro", "StartupPro\StartupPro.csproj", "{B2E6C4E1-67B7-45C0-A171-76EF14CA8FE8}"
EndProject
Project("{9A19103F-16F7-4668-BE54-9A1E7A4F7556}") = "MiddlewarePro", "MiddlewarePro\MiddlewarePro.csproj", "{F55C18B6-9663-4E4B-9B58-36472401569F}"
EndProject
Project("{9A19103F-16F7-4668-BE54-9A1E7A4F7556}") = "StaticFilePro", "StaticFilePro\StaticFilePro.csproj", "{19797936-8A8D-48D9-82F6-9E896244B409}"
EndProject
Project("{9A19103F-16F7-4668-BE54-9A1E7A4F7556}") = "DapperPro", "DapperPro\DapperPro.csproj", "{AD24C723-1188-49BB-9771-B15CEC93F602}"
EndProject
Project("{9A19103F-16F7-4668-BE54-9A1E7A4F7556}") = "ModelBindingPro", "ModelBindingPro\ModelBindingPro.csproj", "{A2BE86A0-512F-4446-9826-9FAEEBB243A1}"
EndProject
Project("{9A19103F-16F7-4668-BE54-9A1E7A4F7556}") = "AutoMapperPro", "AutoMapperPro\AutoMapperPro.csproj", "{82678C7D-E8BF-4E3F-8C99-9D5578A789AD}"
EndProject
Project("{2150E333-8FDC-42A3-9474-1A3956D46DE8}") = "SignalRPro", "SignalRPro", "{5DD68112-696E-4FCB-8290-590E71A175B2}"
EndProject
Project("{9A19103F-16F7-4668-BE54-9A1E7A4F7556}") = "SignalRServer", "SignalRPro\SignalRServer\SignalRServer.csproj", "{EFC8001A-D8C3-4B67-BA18-2DB05840CC40}"
EndProject
Project("{9A19103F-16F7-4668-BE54-9A1E7A4F7556}") = "SignalRConsoleClient", "SignalRPro\SignalRConsoleClient\SignalRConsoleClient.csproj", "{3D482E02-B5E6-4219-8EAF-4B093350B366}"
EndProject
Project("{2150E333-8FDC-42A3-9474-1A3956D46DE8}") = "Validation", "Validation", "{3EE9974C-1E01-4452-AA15-E5DA01299BCF}"
EndProject
Project("{9A19103F-16F7-4668-BE54-9A1E7A4F7556}") = "FluentValidationPro", "FluentValidationPro\FluentValidationPro.csproj", "{939D8142-2C4A-4D8A-8842-4D8FE3604436}"
EndProject
Project("{9A19103F-16F7-4668-BE54-9A1E7A4F7556}") = "OptionsPro", "OptionsPro\OptionsPro.csproj", "{287903DA-F32F-4FC9-9A4E-FDDD44177B3E}"
EndProject
Project("{2150E333-8FDC-42A3-9474-1A3956D46DE8}") = "EFCore", "EFCore", "{75B26F84-8543-4F62-BE9D-51F0BBF09A07}"
EndProject
Project("{9A19103F-16F7-4668-BE54-9A1E7A4F7556}") = "EFCorePro", "EFCorePro\EFCorePro.csproj", "{7044FE36-8F1E-472F-BBF0-BED449488362}"
EndProject
Project("{2150E333-8FDC-42A3-9474-1A3956D46DE8}") = "Logging", "Logging", "{05DC5DB2-6907-44C4-804D-29FF16770D7B}"
EndProject
Project("{9A19103F-16F7-4668-BE54-9A1E7A4F7556}") = "SerilogPro", "SerilogPro\SerilogPro.csproj", "{FBC960E5-F739-4114-BEB1-48F007FA8462}"
EndProject
Project("{2150E333-8FDC-42A3-9474-1A3956D46DE8}") = "Security", "Security", "{08EDF4E6-8280-4BF8-AC88-83F007D8B407}"
EndProject
Project("{9A19103F-16F7-4668-BE54-9A1E7A4F7556}") = "HstsPro", "HstsPro\HstsPro.csproj", "{1F327052-E76C-4E5E-87C4-6977866108D3}"
EndProject
Project("{2150E333-8FDC-42A3-9474-1A3956D46DE8}") = "Localization", "Localization", "{AF68B209-CADC-470F-9F0F-2CE1931A1C8A}"
EndProject
Project("{9A19103F-16F7-4668-BE54-9A1E7A4F7556}") = "LocalizationPro", "LocalizationPro\LocalizationPro.csproj", "{27010DDF-A5CC-4E8B-BE8C-9F3CC094FEE0}"
EndProject
Project("{2150E333-8FDC-42A3-9474-1A3956D46DE8}") = "ModelBinding", "ModelBinding", "{331AAAF0-B42D-4D5D-8FC3-1112586957A5}"
EndProject
Project("{2150E333-8FDC-42A3-9474-1A3956D46DE8}") = "HostedService", "HostedService", "{7C95ABC4-715D-428C-9CDE-AE4532301AFE}"
EndProject
Project("{9A19103F-16F7-4668-BE54-9A1E7A4F7556}") = "HostedServicePro", "HostedServicePro\HostedServicePro.csproj", "{D23F77C8-C594-41FF-949C-630D0E782349}"
EndProject
Project("{2150E333-8FDC-42A3-9474-1A3956D46DE8}") = "Router", "Router", "{44D1E2E3-8EBB-4A86-8BE3-E47037BBC726}"
EndProject
Project("{9A19103F-16F7-4668-BE54-9A1E7A4F7556}") = "RouterPro", "RouterPro\RouterPro.csproj", "{2B09E056-22FB-418A-9BDE-1415AE763F70}"
EndProject
Project("{2150E333-8FDC-42A3-9474-1A3956D46DE8}") = "DbProvider", "DbProvider", "{7D6332C9-CE5B-443D-8A37-153307A91964}"
EndProject
Project("{9A19103F-16F7-4668-BE54-9A1E7A4F7556}") = "DbInMemoryPro", "DbInMemoryPro\DbInMemoryPro.csproj", "{10FFE501-C654-4C19-AFA7-12EFFB67FE2D}"
EndProject
Project("{2150E333-8FDC-42A3-9474-1A3956D46DE8}") = "MVC", "MVC", "{E2C0455D-B8C1-4AC1-B47F-CB83128B3DC8}"
EndProject
Project("{9A19103F-16F7-4668-BE54-9A1E7A4F7556}") = "MVCPro", "MVCPro\MVCPro.csproj", "{EF6263DD-3387-4C42-A68F-9FA138E88ADB}"
EndProject
Project("{2150E333-8FDC-42A3-9474-1A3956D46DE8}") = "Options", "Options", "{15B533DA-2156-43CE-877A-21C7232D5B9B}"
EndProject
Project("{2150E333-8FDC-42A3-9474-1A3956D46DE8}") = "StaticFile", "StaticFile", "{148B53D6-97C7-4799-9B1D-77123B7856E8}"
EndProject
Project("{9A19103F-16F7-4668-BE54-9A1E7A4F7556}") = "IdentityServerWithAspNetCoreIdentity", "IdentityServerWithAspNetCoreIdentity\IdentityServerWithAspNetCoreIdentity.csproj", "{40BF8C51-35D1-4C83-ACE2-146B06699238}"
EndProject
Project("{9A19103F-16F7-4668-BE54-9A1E7A4F7556}") = "IdentityServerMVCClient", "IdentityServerMVCClient\IdentityServerMVCClient.csproj", "{0EF9FA8B-0925-4EDC-833A-7E0FF38B38CB}"
EndProject
Project("{9A19103F-16F7-4668-BE54-9A1E7A4F7556}") = "RazorPageIdentity", "RazorPageIdentity\RazorPageIdentity.csproj", "{DF79337E-6B14-4752-BF89-2ADCBED2A7C7}"
EndProject
Project("{2150E333-8FDC-42A3-9474-1A3956D46DE8}") = "Docker", "Docker", "{5AA94CC6-880A-4589-91B0-9B9303547EF2}"
EndProject
Project("{9A19103F-16F7-4668-BE54-9A1E7A4F7556}") = "CoreDocker", "CoreDocker\CoreDocker.csproj", "{77F5819E-03A0-4A5C-A83B-DA0A70D9DD7B}"
EndProject
Project("{E53339B2-1760-4266-BCC7-CA923CBCF16C}") = "docker-compose", "docker-compose.dcproj", "{B865F4AA-065B-4C2E-BF02-86232E459B19}"
EndProject
Project("{2150E333-8FDC-42A3-9474-1A3956D46DE8}") = "Razor", "Razor", "{B25B2BFB-0E26-4DA5-9409-6365ACF3ACCE}"
EndProject
Project("{9A19103F-16F7-4668-BE54-9A1E7A4F7556}") = "AspNetCoreAAD", "AspNetCoreAAD\AspNetCoreAAD.csproj", "{971F43E7-2917-4407-A414-A403AB8182F8}"
EndProject
Project("{9A19103F-16F7-4668-BE54-9A1E7A4F7556}") = "ModelBindingPro2_1", "ModelBindingPro2_1\ModelBindingPro2_1.csproj", "{A1DA0A0C-21A2-4E4F-8782-468E59C1883E}"
EndProject
Project("{2150E333-8FDC-42A3-9474-1A3956D46DE8}") = "Hangfire", "Hangfire", "{08A007A8-1D13-4447-98B2-0C74CB7957BD}"
EndProject
Project("{9A19103F-16F7-4668-BE54-9A1E7A4F7556}") = "HangfirePro", "HangfirePro\HangfirePro.csproj", "{2FBF9367-81D5-4A7E-993F-423F0E8CECA8}"
EndProject
Project("{9A19103F-16F7-4668-BE54-9A1E7A4F7556}") = "HangfireTestPro", "HangfireTestPro\HangfireTestPro.csproj", "{30D7EBB1-7072-4A5B-ABAE-D13829593936}"
EndProject
Project("{2150E333-8FDC-42A3-9474-1A3956D46DE8}") = "DependencyInjection", "DependencyInjection", "{D7310E10-D56C-4150-8E5F-06600EFF1229}"
EndProject
Project("{9A19103F-16F7-4668-BE54-9A1E7A4F7556}") = "DependencyInjectionPro", "DependencyInjectionPro\DependencyInjectionPro.csproj", "{7B27FC01-F623-4A7C-BA3D-C2743945BBF7}"
EndProject
Project("{2150E333-8FDC-42A3-9474-1A3956D46DE8}") = "Hosting", "Hosting", "{58375A52-ACBC-4F5E-882F-90FD9C9930F7}"
EndProject
Project("{9A19103F-16F7-4668-BE54-9A1E7A4F7556}") = "HostAsWindowsService", "HostAsWindowsService\HostAsWindowsService.csproj", "{3899E4C7-880D-474F-98BA-CC691AD86D0E}"
EndProject
Project("{9A19103F-16F7-4668-BE54-9A1E7A4F7556}") = "HangfireMysql", "HostedServicePro\HangfireMysql\HangfireMysql.csproj", "{A7B0D970-369E-47CB-8F67-D291F75866D9}"
EndProject
Project("{9A19103F-16F7-4668-BE54-9A1E7A4F7556}") = "HostInDocker", "HostInDocker\HostInDocker.csproj", "{B444CD4E-2A12-417B-BB29-EEEF6792B464}"
EndProject
Project("{2150E333-8FDC-42A3-9474-1A3956D46DE8}") = "Tests", "Tests", "{14BA0E71-DA14-4216-96F3-BE34E678AC1A}"
EndProject
Project("{9A19103F-16F7-4668-BE54-9A1E7A4F7556}") = "IntegrationTestWithIdentity", "..\IntegrationTestWithIdentity\IntegrationTestWithIdentity.csproj", "{EFE0A767-5AC2-49A0-B5E4-D36BF3423CD5}"
EndProject
Project("{9A19103F-16F7-4668-BE54-9A1E7A4F7556}") = "IntegrationTest", "IntegrationTest\IntegrationTest.csproj", "{20EECC9C-1173-4F0A-B463-1E6187A19ECD}"
EndProject
Project("{2150E333-8FDC-42A3-9474-1A3956D46DE8}") = "CoreSOAP", "CoreSOAP", "{D4D0A16D-63FC-46B5-8F63-FEACCC4769B0}"
EndProject
Project("{9A19103F-16F7-4668-BE54-9A1E7A4F7556}") = "SoapInCore", "SoapInCore\SoapInCore.csproj", "{455C8E7A-7A93-46FC-A920-08D485C1D9C1}"
EndProject
Project("{9A19103F-16F7-4668-BE54-9A1E7A4F7556}") = "CoreWsfeAAD", "CoreWsfeAAD\CoreWsfeAAD.csproj", "{349FFDFF-DD1E-48ED-A269-32B8D54202CC}"
EndProject
Project("{2150E333-8FDC-42A3-9474-1A3956D46DE8}") = "Angular", "Angular", "{414F2A9D-1740-4B17-849C-14ED9D08A5C2}"
EndProject
Project("{9A19103F-16F7-4668-BE54-9A1E7A4F7556}") = "CoreAngular", "CoreAngular\CoreAngular.csproj", "{255DF011-51FF-4964-951E-7AA7746E1EB7}"
EndProject
Project("{9A19103F-16F7-4668-BE54-9A1E7A4F7556}") = "ConfigurationPro", "ConfigurationPro\ConfigurationPro.csproj", "{8045294D-657E-4D34-8BC7-A213941A714A}"
EndProject
Project("{2150E333-8FDC-42A3-9474-1A3956D46DE8}") = "HttpClient", "HttpClient", "{35E50142-1520-4729-973A-5A3E2F1BB95F}"
EndProject
Project("{9A19103F-16F7-4668-BE54-9A1E7A4F7556}") = "RazorPro", "RazorPro\RazorPro.csproj", "{08C8CA59-339C-435D-8725-F754EDC26EAD}"
EndProject
Project("{FAE04EC0-301F-11D3-BF4B-00C04F79EFBC}") = "IdentityRoleClaims", "Security\IdentityRoleClaims\IdentityRoleClaims.csproj", "{B00C65F9-C155-44A6-BB2B-65EF90D41BFE}"
EndProject
Project("{FAE04EC0-301F-11D3-BF4B-00C04F79EFBC}") = "CoreJwt", "Security\CoreJwt\CoreJwt.csproj", "{BC37E5EF-25E9-4CFC-8F34-B16310636A69}"
EndProject
Global
	GlobalSection(SolutionConfigurationPlatforms) = preSolution
		Debug|Any CPU = Debug|Any CPU
		Release|Any CPU = Release|Any CPU
	EndGlobalSection
	GlobalSection(ProjectConfigurationPlatforms) = postSolution
		{B2E6C4E1-67B7-45C0-A171-76EF14CA8FE8}.Debug|Any CPU.ActiveCfg = Debug|Any CPU
		{B2E6C4E1-67B7-45C0-A171-76EF14CA8FE8}.Debug|Any CPU.Build.0 = Debug|Any CPU
		{B2E6C4E1-67B7-45C0-A171-76EF14CA8FE8}.Release|Any CPU.ActiveCfg = Release|Any CPU
		{B2E6C4E1-67B7-45C0-A171-76EF14CA8FE8}.Release|Any CPU.Build.0 = Release|Any CPU
		{F55C18B6-9663-4E4B-9B58-36472401569F}.Debug|Any CPU.ActiveCfg = Debug|Any CPU
		{F55C18B6-9663-4E4B-9B58-36472401569F}.Debug|Any CPU.Build.0 = Debug|Any CPU
		{F55C18B6-9663-4E4B-9B58-36472401569F}.Release|Any CPU.ActiveCfg = Release|Any CPU
		{F55C18B6-9663-4E4B-9B58-36472401569F}.Release|Any CPU.Build.0 = Release|Any CPU
		{19797936-8A8D-48D9-82F6-9E896244B409}.Debug|Any CPU.ActiveCfg = Debug|Any CPU
		{19797936-8A8D-48D9-82F6-9E896244B409}.Debug|Any CPU.Build.0 = Debug|Any CPU
		{19797936-8A8D-48D9-82F6-9E896244B409}.Release|Any CPU.ActiveCfg = Release|Any CPU
		{19797936-8A8D-48D9-82F6-9E896244B409}.Release|Any CPU.Build.0 = Release|Any CPU
		{AD24C723-1188-49BB-9771-B15CEC93F602}.Debug|Any CPU.ActiveCfg = Debug|Any CPU
		{AD24C723-1188-49BB-9771-B15CEC93F602}.Debug|Any CPU.Build.0 = Debug|Any CPU
		{AD24C723-1188-49BB-9771-B15CEC93F602}.Release|Any CPU.ActiveCfg = Release|Any CPU
		{AD24C723-1188-49BB-9771-B15CEC93F602}.Release|Any CPU.Build.0 = Release|Any CPU
		{A2BE86A0-512F-4446-9826-9FAEEBB243A1}.Debug|Any CPU.ActiveCfg = Debug|Any CPU
		{A2BE86A0-512F-4446-9826-9FAEEBB243A1}.Debug|Any CPU.Build.0 = Debug|Any CPU
		{A2BE86A0-512F-4446-9826-9FAEEBB243A1}.Release|Any CPU.ActiveCfg = Release|Any CPU
		{A2BE86A0-512F-4446-9826-9FAEEBB243A1}.Release|Any CPU.Build.0 = Release|Any CPU
		{82678C7D-E8BF-4E3F-8C99-9D5578A789AD}.Debug|Any CPU.ActiveCfg = Debug|Any CPU
		{82678C7D-E8BF-4E3F-8C99-9D5578A789AD}.Debug|Any CPU.Build.0 = Debug|Any CPU
		{82678C7D-E8BF-4E3F-8C99-9D5578A789AD}.Release|Any CPU.ActiveCfg = Release|Any CPU
		{82678C7D-E8BF-4E3F-8C99-9D5578A789AD}.Release|Any CPU.Build.0 = Release|Any CPU
		{EFC8001A-D8C3-4B67-BA18-2DB05840CC40}.Debug|Any CPU.ActiveCfg = Debug|Any CPU
		{EFC8001A-D8C3-4B67-BA18-2DB05840CC40}.Debug|Any CPU.Build.0 = Debug|Any CPU
		{EFC8001A-D8C3-4B67-BA18-2DB05840CC40}.Release|Any CPU.ActiveCfg = Release|Any CPU
		{EFC8001A-D8C3-4B67-BA18-2DB05840CC40}.Release|Any CPU.Build.0 = Release|Any CPU
		{3D482E02-B5E6-4219-8EAF-4B093350B366}.Debug|Any CPU.ActiveCfg = Debug|Any CPU
		{3D482E02-B5E6-4219-8EAF-4B093350B366}.Debug|Any CPU.Build.0 = Debug|Any CPU
		{3D482E02-B5E6-4219-8EAF-4B093350B366}.Release|Any CPU.ActiveCfg = Release|Any CPU
		{3D482E02-B5E6-4219-8EAF-4B093350B366}.Release|Any CPU.Build.0 = Release|Any CPU
		{939D8142-2C4A-4D8A-8842-4D8FE3604436}.Debug|Any CPU.ActiveCfg = Debug|Any CPU
		{939D8142-2C4A-4D8A-8842-4D8FE3604436}.Debug|Any CPU.Build.0 = Debug|Any CPU
		{939D8142-2C4A-4D8A-8842-4D8FE3604436}.Release|Any CPU.ActiveCfg = Release|Any CPU
		{939D8142-2C4A-4D8A-8842-4D8FE3604436}.Release|Any CPU.Build.0 = Release|Any CPU
		{287903DA-F32F-4FC9-9A4E-FDDD44177B3E}.Debug|Any CPU.ActiveCfg = Debug|Any CPU
		{287903DA-F32F-4FC9-9A4E-FDDD44177B3E}.Debug|Any CPU.Build.0 = Debug|Any CPU
		{287903DA-F32F-4FC9-9A4E-FDDD44177B3E}.Release|Any CPU.ActiveCfg = Release|Any CPU
		{287903DA-F32F-4FC9-9A4E-FDDD44177B3E}.Release|Any CPU.Build.0 = Release|Any CPU
		{7044FE36-8F1E-472F-BBF0-BED449488362}.Debug|Any CPU.ActiveCfg = Debug|Any CPU
		{7044FE36-8F1E-472F-BBF0-BED449488362}.Debug|Any CPU.Build.0 = Debug|Any CPU
		{7044FE36-8F1E-472F-BBF0-BED449488362}.Release|Any CPU.ActiveCfg = Release|Any CPU
		{7044FE36-8F1E-472F-BBF0-BED449488362}.Release|Any CPU.Build.0 = Release|Any CPU
		{FBC960E5-F739-4114-BEB1-48F007FA8462}.Debug|Any CPU.ActiveCfg = Debug|Any CPU
		{FBC960E5-F739-4114-BEB1-48F007FA8462}.Debug|Any CPU.Build.0 = Debug|Any CPU
		{FBC960E5-F739-4114-BEB1-48F007FA8462}.Release|Any CPU.ActiveCfg = Release|Any CPU
		{FBC960E5-F739-4114-BEB1-48F007FA8462}.Release|Any CPU.Build.0 = Release|Any CPU
		{1F327052-E76C-4E5E-87C4-6977866108D3}.Debug|Any CPU.ActiveCfg = Debug|Any CPU
		{1F327052-E76C-4E5E-87C4-6977866108D3}.Debug|Any CPU.Build.0 = Debug|Any CPU
		{1F327052-E76C-4E5E-87C4-6977866108D3}.Release|Any CPU.ActiveCfg = Release|Any CPU
		{1F327052-E76C-4E5E-87C4-6977866108D3}.Release|Any CPU.Build.0 = Release|Any CPU
		{27010DDF-A5CC-4E8B-BE8C-9F3CC094FEE0}.Debug|Any CPU.ActiveCfg = Debug|Any CPU
		{27010DDF-A5CC-4E8B-BE8C-9F3CC094FEE0}.Debug|Any CPU.Build.0 = Debug|Any CPU
		{27010DDF-A5CC-4E8B-BE8C-9F3CC094FEE0}.Release|Any CPU.ActiveCfg = Release|Any CPU
		{27010DDF-A5CC-4E8B-BE8C-9F3CC094FEE0}.Release|Any CPU.Build.0 = Release|Any CPU
		{D23F77C8-C594-41FF-949C-630D0E782349}.Debug|Any CPU.ActiveCfg = Debug|Any CPU
		{D23F77C8-C594-41FF-949C-630D0E782349}.Debug|Any CPU.Build.0 = Debug|Any CPU
		{D23F77C8-C594-41FF-949C-630D0E782349}.Release|Any CPU.ActiveCfg = Release|Any CPU
		{D23F77C8-C594-41FF-949C-630D0E782349}.Release|Any CPU.Build.0 = Release|Any CPU
		{2B09E056-22FB-418A-9BDE-1415AE763F70}.Debug|Any CPU.ActiveCfg = Debug|Any CPU
		{2B09E056-22FB-418A-9BDE-1415AE763F70}.Debug|Any CPU.Build.0 = Debug|Any CPU
		{2B09E056-22FB-418A-9BDE-1415AE763F70}.Release|Any CPU.ActiveCfg = Release|Any CPU
		{2B09E056-22FB-418A-9BDE-1415AE763F70}.Release|Any CPU.Build.0 = Release|Any CPU
		{10FFE501-C654-4C19-AFA7-12EFFB67FE2D}.Debug|Any CPU.ActiveCfg = Debug|Any CPU
		{10FFE501-C654-4C19-AFA7-12EFFB67FE2D}.Debug|Any CPU.Build.0 = Debug|Any CPU
		{10FFE501-C654-4C19-AFA7-12EFFB67FE2D}.Release|Any CPU.ActiveCfg = Release|Any CPU
		{10FFE501-C654-4C19-AFA7-12EFFB67FE2D}.Release|Any CPU.Build.0 = Release|Any CPU
		{EF6263DD-3387-4C42-A68F-9FA138E88ADB}.Debug|Any CPU.ActiveCfg = Debug|Any CPU
		{EF6263DD-3387-4C42-A68F-9FA138E88ADB}.Debug|Any CPU.Build.0 = Debug|Any CPU
		{EF6263DD-3387-4C42-A68F-9FA138E88ADB}.Release|Any CPU.ActiveCfg = Release|Any CPU
		{EF6263DD-3387-4C42-A68F-9FA138E88ADB}.Release|Any CPU.Build.0 = Release|Any CPU
		{40BF8C51-35D1-4C83-ACE2-146B06699238}.Debug|Any CPU.ActiveCfg = Debug|Any CPU
		{40BF8C51-35D1-4C83-ACE2-146B06699238}.Debug|Any CPU.Build.0 = Debug|Any CPU
		{40BF8C51-35D1-4C83-ACE2-146B06699238}.Release|Any CPU.ActiveCfg = Release|Any CPU
		{40BF8C51-35D1-4C83-ACE2-146B06699238}.Release|Any CPU.Build.0 = Release|Any CPU
		{0EF9FA8B-0925-4EDC-833A-7E0FF38B38CB}.Debug|Any CPU.ActiveCfg = Debug|Any CPU
		{0EF9FA8B-0925-4EDC-833A-7E0FF38B38CB}.Debug|Any CPU.Build.0 = Debug|Any CPU
		{0EF9FA8B-0925-4EDC-833A-7E0FF38B38CB}.Release|Any CPU.ActiveCfg = Release|Any CPU
		{0EF9FA8B-0925-4EDC-833A-7E0FF38B38CB}.Release|Any CPU.Build.0 = Release|Any CPU
		{DF79337E-6B14-4752-BF89-2ADCBED2A7C7}.Debug|Any CPU.ActiveCfg = Debug|Any CPU
		{DF79337E-6B14-4752-BF89-2ADCBED2A7C7}.Debug|Any CPU.Build.0 = Debug|Any CPU
		{DF79337E-6B14-4752-BF89-2ADCBED2A7C7}.Release|Any CPU.ActiveCfg = Release|Any CPU
		{DF79337E-6B14-4752-BF89-2ADCBED2A7C7}.Release|Any CPU.Build.0 = Release|Any CPU
		{77F5819E-03A0-4A5C-A83B-DA0A70D9DD7B}.Debug|Any CPU.ActiveCfg = Debug|Any CPU
		{77F5819E-03A0-4A5C-A83B-DA0A70D9DD7B}.Debug|Any CPU.Build.0 = Debug|Any CPU
		{77F5819E-03A0-4A5C-A83B-DA0A70D9DD7B}.Release|Any CPU.ActiveCfg = Release|Any CPU
		{77F5819E-03A0-4A5C-A83B-DA0A70D9DD7B}.Release|Any CPU.Build.0 = Release|Any CPU
		{B865F4AA-065B-4C2E-BF02-86232E459B19}.Debug|Any CPU.ActiveCfg = Debug|Any CPU
		{B865F4AA-065B-4C2E-BF02-86232E459B19}.Debug|Any CPU.Build.0 = Debug|Any CPU
		{B865F4AA-065B-4C2E-BF02-86232E459B19}.Release|Any CPU.ActiveCfg = Release|Any CPU
		{B865F4AA-065B-4C2E-BF02-86232E459B19}.Release|Any CPU.Build.0 = Release|Any CPU
		{971F43E7-2917-4407-A414-A403AB8182F8}.Debug|Any CPU.ActiveCfg = Debug|Any CPU
		{971F43E7-2917-4407-A414-A403AB8182F8}.Debug|Any CPU.Build.0 = Debug|Any CPU
		{971F43E7-2917-4407-A414-A403AB8182F8}.Release|Any CPU.ActiveCfg = Release|Any CPU
		{971F43E7-2917-4407-A414-A403AB8182F8}.Release|Any CPU.Build.0 = Release|Any CPU
		{A1DA0A0C-21A2-4E4F-8782-468E59C1883E}.Debug|Any CPU.ActiveCfg = Debug|Any CPU
		{A1DA0A0C-21A2-4E4F-8782-468E59C1883E}.Debug|Any CPU.Build.0 = Debug|Any CPU
		{A1DA0A0C-21A2-4E4F-8782-468E59C1883E}.Release|Any CPU.ActiveCfg = Release|Any CPU
		{A1DA0A0C-21A2-4E4F-8782-468E59C1883E}.Release|Any CPU.Build.0 = Release|Any CPU
		{2FBF9367-81D5-4A7E-993F-423F0E8CECA8}.Debug|Any CPU.ActiveCfg = Debug|Any CPU
		{2FBF9367-81D5-4A7E-993F-423F0E8CECA8}.Debug|Any CPU.Build.0 = Debug|Any CPU
		{2FBF9367-81D5-4A7E-993F-423F0E8CECA8}.Release|Any CPU.ActiveCfg = Release|Any CPU
		{2FBF9367-81D5-4A7E-993F-423F0E8CECA8}.Release|Any CPU.Build.0 = Release|Any CPU
		{30D7EBB1-7072-4A5B-ABAE-D13829593936}.Debug|Any CPU.ActiveCfg = Debug|Any CPU
		{30D7EBB1-7072-4A5B-ABAE-D13829593936}.Debug|Any CPU.Build.0 = Debug|Any CPU
		{30D7EBB1-7072-4A5B-ABAE-D13829593936}.Release|Any CPU.ActiveCfg = Release|Any CPU
		{30D7EBB1-7072-4A5B-ABAE-D13829593936}.Release|Any CPU.Build.0 = Release|Any CPU
		{7B27FC01-F623-4A7C-BA3D-C2743945BBF7}.Debug|Any CPU.ActiveCfg = Debug|Any CPU
		{7B27FC01-F623-4A7C-BA3D-C2743945BBF7}.Debug|Any CPU.Build.0 = Debug|Any CPU
		{7B27FC01-F623-4A7C-BA3D-C2743945BBF7}.Release|Any CPU.ActiveCfg = Release|Any CPU
		{7B27FC01-F623-4A7C-BA3D-C2743945BBF7}.Release|Any CPU.Build.0 = Release|Any CPU
		{3899E4C7-880D-474F-98BA-CC691AD86D0E}.Debug|Any CPU.ActiveCfg = Debug|Any CPU
		{3899E4C7-880D-474F-98BA-CC691AD86D0E}.Debug|Any CPU.Build.0 = Debug|Any CPU
		{3899E4C7-880D-474F-98BA-CC691AD86D0E}.Release|Any CPU.ActiveCfg = Release|Any CPU
		{3899E4C7-880D-474F-98BA-CC691AD86D0E}.Release|Any CPU.Build.0 = Release|Any CPU
		{A7B0D970-369E-47CB-8F67-D291F75866D9}.Debug|Any CPU.ActiveCfg = Debug|Any CPU
		{A7B0D970-369E-47CB-8F67-D291F75866D9}.Debug|Any CPU.Build.0 = Debug|Any CPU
		{A7B0D970-369E-47CB-8F67-D291F75866D9}.Release|Any CPU.ActiveCfg = Release|Any CPU
		{A7B0D970-369E-47CB-8F67-D291F75866D9}.Release|Any CPU.Build.0 = Release|Any CPU
		{B444CD4E-2A12-417B-BB29-EEEF6792B464}.Debug|Any CPU.ActiveCfg = Debug|Any CPU
		{B444CD4E-2A12-417B-BB29-EEEF6792B464}.Debug|Any CPU.Build.0 = Debug|Any CPU
		{B444CD4E-2A12-417B-BB29-EEEF6792B464}.Release|Any CPU.ActiveCfg = Release|Any CPU
		{B444CD4E-2A12-417B-BB29-EEEF6792B464}.Release|Any CPU.Build.0 = Release|Any CPU
		{EFE0A767-5AC2-49A0-B5E4-D36BF3423CD5}.Debug|Any CPU.ActiveCfg = Debug|Any CPU
		{EFE0A767-5AC2-49A0-B5E4-D36BF3423CD5}.Debug|Any CPU.Build.0 = Debug|Any CPU
		{EFE0A767-5AC2-49A0-B5E4-D36BF3423CD5}.Release|Any CPU.ActiveCfg = Release|Any CPU
		{EFE0A767-5AC2-49A0-B5E4-D36BF3423CD5}.Release|Any CPU.Build.0 = Release|Any CPU
		{20EECC9C-1173-4F0A-B463-1E6187A19ECD}.Debug|Any CPU.ActiveCfg = Debug|Any CPU
		{20EECC9C-1173-4F0A-B463-1E6187A19ECD}.Debug|Any CPU.Build.0 = Debug|Any CPU
		{20EECC9C-1173-4F0A-B463-1E6187A19ECD}.Release|Any CPU.ActiveCfg = Release|Any CPU
		{20EECC9C-1173-4F0A-B463-1E6187A19ECD}.Release|Any CPU.Build.0 = Release|Any CPU
		{455C8E7A-7A93-46FC-A920-08D485C1D9C1}.Debug|Any CPU.ActiveCfg = Debug|Any CPU
		{455C8E7A-7A93-46FC-A920-08D485C1D9C1}.Debug|Any CPU.Build.0 = Debug|Any CPU
		{455C8E7A-7A93-46FC-A920-08D485C1D9C1}.Release|Any CPU.ActiveCfg = Release|Any CPU
		{455C8E7A-7A93-46FC-A920-08D485C1D9C1}.Release|Any CPU.Build.0 = Release|Any CPU
		{349FFDFF-DD1E-48ED-A269-32B8D54202CC}.Debug|Any CPU.ActiveCfg = Debug|Any CPU
		{349FFDFF-DD1E-48ED-A269-32B8D54202CC}.Debug|Any CPU.Build.0 = Debug|Any CPU
		{349FFDFF-DD1E-48ED-A269-32B8D54202CC}.Release|Any CPU.ActiveCfg = Release|Any CPU
		{349FFDFF-DD1E-48ED-A269-32B8D54202CC}.Release|Any CPU.Build.0 = Release|Any CPU
		{255DF011-51FF-4964-951E-7AA7746E1EB7}.Debug|Any CPU.ActiveCfg = Debug|Any CPU
		{255DF011-51FF-4964-951E-7AA7746E1EB7}.Debug|Any CPU.Build.0 = Debug|Any CPU
		{255DF011-51FF-4964-951E-7AA7746E1EB7}.Release|Any CPU.ActiveCfg = Release|Any CPU
		{255DF011-51FF-4964-951E-7AA7746E1EB7}.Release|Any CPU.Build.0 = Release|Any CPU
		{8045294D-657E-4D34-8BC7-A213941A714A}.Debug|Any CPU.ActiveCfg = Debug|Any CPU
		{8045294D-657E-4D34-8BC7-A213941A714A}.Debug|Any CPU.Build.0 = Debug|Any CPU
		{8045294D-657E-4D34-8BC7-A213941A714A}.Release|Any CPU.ActiveCfg = Release|Any CPU
		{8045294D-657E-4D34-8BC7-A213941A714A}.Release|Any CPU.Build.0 = Release|Any CPU
		{08C8CA59-339C-435D-8725-F754EDC26EAD}.Debug|Any CPU.ActiveCfg = Debug|Any CPU
		{08C8CA59-339C-435D-8725-F754EDC26EAD}.Debug|Any CPU.Build.0 = Debug|Any CPU
		{08C8CA59-339C-435D-8725-F754EDC26EAD}.Release|Any CPU.ActiveCfg = Release|Any CPU
		{08C8CA59-339C-435D-8725-F754EDC26EAD}.Release|Any CPU.Build.0 = Release|Any CPU
		{B00C65F9-C155-44A6-BB2B-65EF90D41BFE}.Debug|Any CPU.ActiveCfg = Debug|Any CPU
		{B00C65F9-C155-44A6-BB2B-65EF90D41BFE}.Debug|Any CPU.Build.0 = Debug|Any CPU
		{B00C65F9-C155-44A6-BB2B-65EF90D41BFE}.Release|Any CPU.ActiveCfg = Release|Any CPU
		{B00C65F9-C155-44A6-BB2B-65EF90D41BFE}.Release|Any CPU.Build.0 = Release|Any CPU
		{BC37E5EF-25E9-4CFC-8F34-B16310636A69}.Debug|Any CPU.ActiveCfg = Debug|Any CPU
		{BC37E5EF-25E9-4CFC-8F34-B16310636A69}.Debug|Any CPU.Build.0 = Debug|Any CPU
		{BC37E5EF-25E9-4CFC-8F34-B16310636A69}.Release|Any CPU.ActiveCfg = Release|Any CPU
		{BC37E5EF-25E9-4CFC-8F34-B16310636A69}.Release|Any CPU.Build.0 = Release|Any CPU
	EndGlobalSection
	GlobalSection(SolutionProperties) = preSolution
		HideSolutionNode = FALSE
	EndGlobalSection
	GlobalSection(NestedProjects) = preSolution
		{19797936-8A8D-48D9-82F6-9E896244B409} = {148B53D6-97C7-4799-9B1D-77123B7856E8}
		{AD24C723-1188-49BB-9771-B15CEC93F602} = {75B26F84-8543-4F62-BE9D-51F0BBF09A07}
		{A2BE86A0-512F-4446-9826-9FAEEBB243A1} = {331AAAF0-B42D-4D5D-8FC3-1112586957A5}
		{EFC8001A-D8C3-4B67-BA18-2DB05840CC40} = {5DD68112-696E-4FCB-8290-590E71A175B2}
		{3D482E02-B5E6-4219-8EAF-4B093350B366} = {5DD68112-696E-4FCB-8290-590E71A175B2}
		{939D8142-2C4A-4D8A-8842-4D8FE3604436} = {3EE9974C-1E01-4452-AA15-E5DA01299BCF}
		{287903DA-F32F-4FC9-9A4E-FDDD44177B3E} = {15B533DA-2156-43CE-877A-21C7232D5B9B}
		{7044FE36-8F1E-472F-BBF0-BED449488362} = {75B26F84-8543-4F62-BE9D-51F0BBF09A07}
		{FBC960E5-F739-4114-BEB1-48F007FA8462} = {05DC5DB2-6907-44C4-804D-29FF16770D7B}
		{1F327052-E76C-4E5E-87C4-6977866108D3} = {08EDF4E6-8280-4BF8-AC88-83F007D8B407}
		{27010DDF-A5CC-4E8B-BE8C-9F3CC094FEE0} = {AF68B209-CADC-470F-9F0F-2CE1931A1C8A}
		{D23F77C8-C594-41FF-949C-630D0E782349} = {7C95ABC4-715D-428C-9CDE-AE4532301AFE}
		{2B09E056-22FB-418A-9BDE-1415AE763F70} = {44D1E2E3-8EBB-4A86-8BE3-E47037BBC726}
		{10FFE501-C654-4C19-AFA7-12EFFB67FE2D} = {7D6332C9-CE5B-443D-8A37-153307A91964}
		{EF6263DD-3387-4C42-A68F-9FA138E88ADB} = {E2C0455D-B8C1-4AC1-B47F-CB83128B3DC8}
		{40BF8C51-35D1-4C83-ACE2-146B06699238} = {08EDF4E6-8280-4BF8-AC88-83F007D8B407}
		{0EF9FA8B-0925-4EDC-833A-7E0FF38B38CB} = {08EDF4E6-8280-4BF8-AC88-83F007D8B407}
		{DF79337E-6B14-4752-BF89-2ADCBED2A7C7} = {08EDF4E6-8280-4BF8-AC88-83F007D8B407}
		{77F5819E-03A0-4A5C-A83B-DA0A70D9DD7B} = {5AA94CC6-880A-4589-91B0-9B9303547EF2}
		{971F43E7-2917-4407-A414-A403AB8182F8} = {08EDF4E6-8280-4BF8-AC88-83F007D8B407}
		{A1DA0A0C-21A2-4E4F-8782-468E59C1883E} = {331AAAF0-B42D-4D5D-8FC3-1112586957A5}
		{08A007A8-1D13-4447-98B2-0C74CB7957BD} = {7C95ABC4-715D-428C-9CDE-AE4532301AFE}
		{2FBF9367-81D5-4A7E-993F-423F0E8CECA8} = {08A007A8-1D13-4447-98B2-0C74CB7957BD}
		{30D7EBB1-7072-4A5B-ABAE-D13829593936} = {08A007A8-1D13-4447-98B2-0C74CB7957BD}
		{7B27FC01-F623-4A7C-BA3D-C2743945BBF7} = {D7310E10-D56C-4150-8E5F-06600EFF1229}
		{3899E4C7-880D-474F-98BA-CC691AD86D0E} = {58375A52-ACBC-4F5E-882F-90FD9C9930F7}
		{A7B0D970-369E-47CB-8F67-D291F75866D9} = {08A007A8-1D13-4447-98B2-0C74CB7957BD}
		{B444CD4E-2A12-417B-BB29-EEEF6792B464} = {58375A52-ACBC-4F5E-882F-90FD9C9930F7}
		{EFE0A767-5AC2-49A0-B5E4-D36BF3423CD5} = {14BA0E71-DA14-4216-96F3-BE34E678AC1A}
		{20EECC9C-1173-4F0A-B463-1E6187A19ECD} = {14BA0E71-DA14-4216-96F3-BE34E678AC1A}
		{455C8E7A-7A93-46FC-A920-08D485C1D9C1} = {D4D0A16D-63FC-46B5-8F63-FEACCC4769B0}
		{349FFDFF-DD1E-48ED-A269-32B8D54202CC} = {08EDF4E6-8280-4BF8-AC88-83F007D8B407}
		{255DF011-51FF-4964-951E-7AA7746E1EB7} = {414F2A9D-1740-4B17-849C-14ED9D08A5C2}
		{8045294D-657E-4D34-8BC7-A213941A714A} = {15B533DA-2156-43CE-877A-21C7232D5B9B}
		{08C8CA59-339C-435D-8725-F754EDC26EAD} = {B25B2BFB-0E26-4DA5-9409-6365ACF3ACCE}
		{B00C65F9-C155-44A6-BB2B-65EF90D41BFE} = {08EDF4E6-8280-4BF8-AC88-83F007D8B407}
		{BC37E5EF-25E9-4CFC-8F34-B16310636A69} = {08EDF4E6-8280-4BF8-AC88-83F007D8B407}
	EndGlobalSection
	GlobalSection(ExtensibilityGlobals) = postSolution
		SolutionGuid = {8F26B1EC-1437-4A2A-90AB-686E4FF1EEF1}
	EndGlobalSection
EndGlobal
