
Microsoft Visual Studio Solution File, Format Version 12.00
# Visual Studio 15
VisualStudioVersion = 15.0.27703.2042
MinimumVisualStudioVersion = 10.0.40219.1
Project("{9A19103F-16F7-4668-BE54-9A1E7A4F7556}") = "StartupPro", "StartupPro\StartupPro.csproj", "{B2E6C4E1-67B7-45C0-A171-76EF14CA8FE8}"
EndProject
Project("{FAE04EC0-301F-11D3-BF4B-00C04F79EFBC}") = "MiddlewarePro", "MiddlewarePro\MiddlewarePro.csproj", "{F55C18B6-9663-4E4B-9B58-36472401569F}"
EndProject
Global
	GlobalSection(SolutionConfigurationPlatforms) = preSolution
		Debug|Any CPU = Debug|Any CPU
		Release|Any CPU = Release|Any CPU
	EndGlobalSection
	GlobalSection(ProjectConfigurationPlatforms) = postSolution
		{B2E6C4E1-67B7-45C0-A171-76EF14CA8FE8}.Debug|Any CPU.ActiveCfg = Debug|Any CPU
		{B2E6C4E1-67B7-45C0-A171-76EF14CA8FE8}.Debug|Any CPU.Build.0 = Debug|Any CPU
		{B2E6C4E1-67B7-45C0-A171-76EF14CA8FE8}.Release|Any CPU.ActiveCfg = Release|Any CPU
		{B2E6C4E1-67B7-45C0-A171-76EF14CA8FE8}.Release|Any CPU.Build.0 = Release|Any CPU
		{F55C18B6-9663-4E4B-9B58-36472401569F}.Debug|Any CPU.ActiveCfg = Debug|Any CPU
		{F55C18B6-9663-4E4B-9B58-36472401569F}.Debug|Any CPU.Build.0 = Debug|Any CPU
		{F55C18B6-9663-4E4B-9B58-36472401569F}.Release|Any CPU.ActiveCfg = Release|Any CPU
		{F55C18B6-9663-4E4B-9B58-36472401569F}.Release|Any CPU.Build.0 = Release|Any CPU
	EndGlobalSection
	GlobalSection(SolutionProperties) = preSolution
		HideSolutionNode = FALSE
	EndGlobalSection
	GlobalSection(ExtensibilityGlobals) = postSolution
		SolutionGuid = {8F26B1EC-1437-4A2A-90AB-686E4FF1EEF1}
	EndGlobalSection
EndGlobal
